
Microsoft Visual Studio Solution File, Format Version 12.00
# Visual Studio 14
VisualStudioVersion = 14.0.24720.0
MinimumVisualStudioVersion = 10.0.40219.1
Project("{FAE04EC0-301F-11D3-BF4B-00C04F79EFBC}") = "Nonogram GUI", "Start\Nonogram GUI.csproj", "{6FE84FDD-0015-4E0B-A76F-583965F834D9}"
EndProject
Project("{FAE04EC0-301F-11D3-BF4B-00C04F79EFBC}") = "Nonogram Solver", "..\Nonogram Solver\Nonogram Solver\Nonogram Solver.csproj", "{C9F03F08-FF18-4C7E-A6BE-808D55C1F658}"
EndProject
Global
	GlobalSection(SolutionConfigurationPlatforms) = preSolution
		Debug|Any CPU = Debug|Any CPU
		Release|Any CPU = Release|Any CPU
	EndGlobalSection
	GlobalSection(ProjectConfigurationPlatforms) = postSolution
		{6FE84FDD-0015-4E0B-A76F-583965F834D9}.Debug|Any CPU.ActiveCfg = Debug|Any CPU
		{6FE84FDD-0015-4E0B-A76F-583965F834D9}.Debug|Any CPU.Build.0 = Debug|Any CPU
		{6FE84FDD-0015-4E0B-A76F-583965F834D9}.Release|Any CPU.ActiveCfg = Release|Any CPU
		{6FE84FDD-0015-4E0B-A76F-583965F834D9}.Release|Any CPU.Build.0 = Release|Any CPU
		{C9F03F08-FF18-4C7E-A6BE-808D55C1F658}.Debug|Any CPU.ActiveCfg = Debug|Any CPU
		{C9F03F08-FF18-4C7E-A6BE-808D55C1F658}.Debug|Any CPU.Build.0 = Debug|Any CPU
		{C9F03F08-FF18-4C7E-A6BE-808D55C1F658}.Release|Any CPU.ActiveCfg = Release|Any CPU
		{C9F03F08-FF18-4C7E-A6BE-808D55C1F658}.Release|Any CPU.Build.0 = Release|Any CPU
	EndGlobalSection
	GlobalSection(SolutionProperties) = preSolution
		HideSolutionNode = FALSE
	EndGlobalSection
EndGlobal
